
Microsoft Visual Studio Solution File, Format Version 12.00
# Visual Studio Version 17
VisualStudioVersion = 17.8.34330.188
MinimumVisualStudioVersion = 10.0.40219.1
Project("{FAE04EC0-301F-11D3-BF4B-00C04F79EFBC}") = "Assessment", "Assessment.csproj", "{208A9F05-F2C6-4E91-A1B3-A3F79DDD1B69}"
EndProject
Global
	GlobalSection(SolutionConfigurationPlatforms) = preSolution
		Debug|Any CPU = Debug|Any CPU
		Release|Any CPU = Release|Any CPU
	EndGlobalSection
	GlobalSection(ProjectConfigurationPlatforms) = postSolution
		{208A9F05-F2C6-4E91-A1B3-A3F79DDD1B69}.Debug|Any CPU.ActiveCfg = Debug|Any CPU
		{208A9F05-F2C6-4E91-A1B3-A3F79DDD1B69}.Debug|Any CPU.Build.0 = Debug|Any CPU
		{208A9F05-F2C6-4E91-A1B3-A3F79DDD1B69}.Release|Any CPU.ActiveCfg = Release|Any CPU
		{208A9F05-F2C6-4E91-A1B3-A3F79DDD1B69}.Release|Any CPU.Build.0 = Release|Any CPU
	EndGlobalSection
	GlobalSection(SolutionProperties) = preSolution
		HideSolutionNode = FALSE
	EndGlobalSection
	GlobalSection(ExtensibilityGlobals) = postSolution
		SolutionGuid = {349AC2F2-2045-4120-8B74-9EE85D52D0F0}
	EndGlobalSection
EndGlobal
