
Microsoft Visual Studio Solution File, Format Version 12.00
# Visual Studio Version 17
VisualStudioVersion = 17.8.34330.188
MinimumVisualStudioVersion = 10.0.40219.1
Project("{FAE04EC0-301F-11D3-BF4B-00C04F79EFBC}") = "HandsOnGenericCollection", "HandsOnGenericCollection.csproj", "{29E2B605-93AB-44D9-8142-346A624F0965}"
EndProject
Global
	GlobalSection(SolutionConfigurationPlatforms) = preSolution
		Debug|Any CPU = Debug|Any CPU
		Release|Any CPU = Release|Any CPU
	EndGlobalSection
	GlobalSection(ProjectConfigurationPlatforms) = postSolution
		{29E2B605-93AB-44D9-8142-346A624F0965}.Debug|Any CPU.ActiveCfg = Debug|Any CPU
		{29E2B605-93AB-44D9-8142-346A624F0965}.Debug|Any CPU.Build.0 = Debug|Any CPU
		{29E2B605-93AB-44D9-8142-346A624F0965}.Release|Any CPU.ActiveCfg = Release|Any CPU
		{29E2B605-93AB-44D9-8142-346A624F0965}.Release|Any CPU.Build.0 = Release|Any CPU
	EndGlobalSection
	GlobalSection(SolutionProperties) = preSolution
		HideSolutionNode = FALSE
	EndGlobalSection
	GlobalSection(ExtensibilityGlobals) = postSolution
		SolutionGuid = {179DA010-48F9-41CC-9740-CDCFC130508D}
	EndGlobalSection
EndGlobal
