
Microsoft Visual Studio Solution File, Format Version 12.00
# Visual Studio Version 17
VisualStudioVersion = 17.8.34330.188
MinimumVisualStudioVersion = 10.0.40219.1
Project("{FAE04EC0-301F-11D3-BF4B-00C04F79EFBC}") = "HandsOnNonGenericCollections", "HandsOnNonGenericCollections.csproj", "{B1400730-E1E0-41B3-9D76-1CA3CBD6FCDC}"
EndProject
Global
	GlobalSection(SolutionConfigurationPlatforms) = preSolution
		Debug|Any CPU = Debug|Any CPU
		Release|Any CPU = Release|Any CPU
	EndGlobalSection
	GlobalSection(ProjectConfigurationPlatforms) = postSolution
		{B1400730-E1E0-41B3-9D76-1CA3CBD6FCDC}.Debug|Any CPU.ActiveCfg = Debug|Any CPU
		{B1400730-E1E0-41B3-9D76-1CA3CBD6FCDC}.Debug|Any CPU.Build.0 = Debug|Any CPU
		{B1400730-E1E0-41B3-9D76-1CA3CBD6FCDC}.Release|Any CPU.ActiveCfg = Release|Any CPU
		{B1400730-E1E0-41B3-9D76-1CA3CBD6FCDC}.Release|Any CPU.Build.0 = Release|Any CPU
	EndGlobalSection
	GlobalSection(SolutionProperties) = preSolution
		HideSolutionNode = FALSE
	EndGlobalSection
	GlobalSection(ExtensibilityGlobals) = postSolution
		SolutionGuid = {92A4D7EF-79CA-4BD1-B235-2DE80E898133}
	EndGlobalSection
EndGlobal
